// !$*UTF8*$!
{
	archiveVersion = 1;
	classes = {
	};
	objectVersion = 50;
	objects = {

/* Begin PBXBuildFile section */
		77A1E6AB807A14992DA22D05 /* Pods_MoviesList_Swift.framework in Frameworks */ = {isa = PBXBuildFile; fileRef = 152670DE2F6C831432515626 /* Pods_MoviesList_Swift.framework */; };
		8EC8BA72743BF65CDE8A419E /* Pods_MoviesList_SwiftUITests.framework in Frameworks */ = {isa = PBXBuildFile; fileRef = AF16485BB55C22D8ED31C81C /* Pods_MoviesList_SwiftUITests.framework */; };
		9C1377FC228F25AE00DC6BF0 /* movie.jpg in Resources */ = {isa = PBXBuildFile; fileRef = 9C1377FB228F25AD00DC6BF0 /* movie.jpg */; };
		9C16879B228F10060095281F /* RecentsViewController_ExtensionDelegate.swift in Sources */ = {isa = PBXBuildFile; fileRef = 9C16879A228F10060095281F /* RecentsViewController_ExtensionDelegate.swift */; };
		9C16879D228F10390095281F /* RecentsProtocol.swift in Sources */ = {isa = PBXBuildFile; fileRef = 9C16879C228F10390095281F /* RecentsProtocol.swift */; };
		9C16879F228F10680095281F /* RecentsPresenter.swift in Sources */ = {isa = PBXBuildFile; fileRef = 9C16879E228F10680095281F /* RecentsPresenter.swift */; };
		9C1687A1228F10860095281F /* MovieConnection.swift in Sources */ = {isa = PBXBuildFile; fileRef = 9C1687A0228F10860095281F /* MovieConnection.swift */; };
		9C27748F2291DFE3008A7B1D /* MoviesDetailsPresenter.swift in Sources */ = {isa = PBXBuildFile; fileRef = 9C27748E2291DFE3008A7B1D /* MoviesDetailsPresenter.swift */; };
		9C2774912291EC1F008A7B1D /* MoviesDetailsProtocol.swift in Sources */ = {isa = PBXBuildFile; fileRef = 9C2774902291EC1F008A7B1D /* MoviesDetailsProtocol.swift */; };
		9C60AB9B2293692B008D2E04 /* ReviewsTableViewCell.swift in Sources */ = {isa = PBXBuildFile; fileRef = 9C60AB9A2293692B008D2E04 /* ReviewsTableViewCell.swift */; };
		9C60AB9D2293693A008D2E04 /* TrailersTableViewCell.swift in Sources */ = {isa = PBXBuildFile; fileRef = 9C60AB9C2293693A008D2E04 /* TrailersTableViewCell.swift */; };
		9CD2CEBB2291AD3C00F3E948 /* MoviesDetailsVC_ExtensionDelegate.swift in Sources */ = {isa = PBXBuildFile; fileRef = 9CD2CEBA2291AD3C00F3E948 /* MoviesDetailsVC_ExtensionDelegate.swift */; };
		9CFC55F22290B15100900A2D /* ranking (2).png in Resources */ = {isa = PBXBuildFile; fileRef = 9CFC55F02290B15000900A2D /* ranking (2).png */; };
		9CFC55F32290B15100900A2D /* top-games-star (3).png in Resources */ = {isa = PBXBuildFile; fileRef = 9CFC55F12290B15000900A2D /* top-games-star (3).png */; };
		9CFC55F62290D69400900A2D /* favicon.ico in Resources */ = {isa = PBXBuildFile; fileRef = 9CFC55F52290D69400900A2D /* favicon.ico */; };
		B66BAEAC94257128A3139271 /* Pods_MoviesList_SwiftTests.framework in Frameworks */ = {isa = PBXBuildFile; fileRef = 99C4C3BE6BB4E6D4F702E154 /* Pods_MoviesList_SwiftTests.framework */; };
		BABDCFEF228AC2A40002724E /* Movie.swift in Sources */ = {isa = PBXBuildFile; fileRef = BABDCFEE228AC2A40002724E /* Movie.swift */; };
		CC03AB6A2289A814005B3E3B /* AppDelegate.swift in Sources */ = {isa = PBXBuildFile; fileRef = CC03AB692289A814005B3E3B /* AppDelegate.swift */; };
		CC03AB6C2289A814005B3E3B /* MovieDetailsViewController.swift in Sources */ = {isa = PBXBuildFile; fileRef = CC03AB6B2289A814005B3E3B /* MovieDetailsViewController.swift */; };
		CC03AB6F2289A814005B3E3B /* Main.storyboard in Resources */ = {isa = PBXBuildFile; fileRef = CC03AB6D2289A814005B3E3B /* Main.storyboard */; };
		CC03AB712289A815005B3E3B /* Assets.xcassets in Resources */ = {isa = PBXBuildFile; fileRef = CC03AB702289A815005B3E3B /* Assets.xcassets */; };
		CC03AB742289A815005B3E3B /* LaunchScreen.storyboard in Resources */ = {isa = PBXBuildFile; fileRef = CC03AB722289A815005B3E3B /* LaunchScreen.storyboard */; };
		CC03AB7F2289A815005B3E3B /* MoviesList_SwiftTests.swift in Sources */ = {isa = PBXBuildFile; fileRef = CC03AB7E2289A815005B3E3B /* MoviesList_SwiftTests.swift */; };
		CC03AB8A2289A815005B3E3B /* MoviesList_SwiftUITests.swift in Sources */ = {isa = PBXBuildFile; fileRef = CC03AB892289A815005B3E3B /* MoviesList_SwiftUITests.swift */; };
		CC03AB992289B421005B3E3B /* RecentViewController.swift in Sources */ = {isa = PBXBuildFile; fileRef = CC03AB982289B421005B3E3B /* RecentViewController.swift */; };
		CC03AB9C2289B491005B3E3B /* CoreData.framework in Frameworks */ = {isa = PBXBuildFile; fileRef = CC03AB9B2289B491005B3E3B /* CoreData.framework */; };
		CC03AB9F2289B53D005B3E3B /* MoviesCoreData.xcdatamodeld in Sources */ = {isa = PBXBuildFile; fileRef = CC03AB9D2289B53D005B3E3B /* MoviesCoreData.xcdatamodeld */; };
		CC03ABA12289B58F005B3E3B /* FavoritesViewController.swift in Sources */ = {isa = PBXBuildFile; fileRef = CC03ABA02289B58F005B3E3B /* FavoritesViewController.swift */; };
		CC6C821D228F572600D0D04C /* VedioDao.swift in Sources */ = {isa = PBXBuildFile; fileRef = CC6C821C228F572600D0D04C /* VedioDao.swift */; };
		CC6C821F2290B4D800D0D04C /* FavoritesDelegate.swift in Sources */ = {isa = PBXBuildFile; fileRef = CC6C821E2290B4D800D0D04C /* FavoritesDelegate.swift */; };
		CC6C82212290B56F00D0D04C /* FavoritesProtocol.swift in Sources */ = {isa = PBXBuildFile; fileRef = CC6C82202290B56F00D0D04C /* FavoritesProtocol.swift */; };
		CC6C82232290B58C00D0D04C /* FavoritesPresenter.swift in Sources */ = {isa = PBXBuildFile; fileRef = CC6C82222290B58C00D0D04C /* FavoritesPresenter.swift */; };
		CCCA53F2228AFB7700F7ABD1 /* RecentCollectionViewCell.swift in Sources */ = {isa = PBXBuildFile; fileRef = CCCA53F1228AFB7700F7ABD1 /* RecentCollectionViewCell.swift */; };
		CCCA53F4228B11B900F7ABD1 /* Review.swift in Sources */ = {isa = PBXBuildFile; fileRef = CCCA53F3228B11B900F7ABD1 /* Review.swift */; };
		CCCA53F6228B11C800F7ABD1 /* Video.swift in Sources */ = {isa = PBXBuildFile; fileRef = CCCA53F5228B11C800F7ABD1 /* Video.swift */; };
		CCCA53F8228B160E00F7ABD1 /* ReviewDao.swift in Sources */ = {isa = PBXBuildFile; fileRef = CCCA53F7228B160E00F7ABD1 /* ReviewDao.swift */; };
/* End PBXBuildFile section */

/* Begin PBXContainerItemProxy section */
		CC03AB7B2289A815005B3E3B /* PBXContainerItemProxy */ = {
			isa = PBXContainerItemProxy;
			containerPortal = CC03AB5E2289A814005B3E3B /* Project object */;
			proxyType = 1;
			remoteGlobalIDString = CC03AB652289A814005B3E3B;
			remoteInfo = MoviesList_Swift;
		};
		CC03AB862289A815005B3E3B /* PBXContainerItemProxy */ = {
			isa = PBXContainerItemProxy;
			containerPortal = CC03AB5E2289A814005B3E3B /* Project object */;
			proxyType = 1;
			remoteGlobalIDString = CC03AB652289A814005B3E3B;
			remoteInfo = MoviesList_Swift;
		};
/* End PBXContainerItemProxy section */

/* Begin PBXFileReference section */
		0F925DD388E321021A40751B /* Pods-MoviesList_SwiftTests.debug.xcconfig */ = {isa = PBXFileReference; includeInIndex = 1; lastKnownFileType = text.xcconfig; name = "Pods-MoviesList_SwiftTests.debug.xcconfig"; path = "Pods/Target Support Files/Pods-MoviesList_SwiftTests/Pods-MoviesList_SwiftTests.debug.xcconfig"; sourceTree = "<group>"; };
		152670DE2F6C831432515626 /* Pods_MoviesList_Swift.framework */ = {isa = PBXFileReference; explicitFileType = wrapper.framework; includeInIndex = 0; path = Pods_MoviesList_Swift.framework; sourceTree = BUILT_PRODUCTS_DIR; };
		3647DA3024CF576F0B4C023A /* Pods-MoviesList_SwiftTests.release.xcconfig */ = {isa = PBXFileReference; includeInIndex = 1; lastKnownFileType = text.xcconfig; name = "Pods-MoviesList_SwiftTests.release.xcconfig"; path = "Pods/Target Support Files/Pods-MoviesList_SwiftTests/Pods-MoviesList_SwiftTests.release.xcconfig"; sourceTree = "<group>"; };
		6B581A087BD8E831F808D731 /* Pods-MoviesList_SwiftUITests.release.xcconfig */ = {isa = PBXFileReference; includeInIndex = 1; lastKnownFileType = text.xcconfig; name = "Pods-MoviesList_SwiftUITests.release.xcconfig"; path = "Pods/Target Support Files/Pods-MoviesList_SwiftUITests/Pods-MoviesList_SwiftUITests.release.xcconfig"; sourceTree = "<group>"; };
		99C4C3BE6BB4E6D4F702E154 /* Pods_MoviesList_SwiftTests.framework */ = {isa = PBXFileReference; explicitFileType = wrapper.framework; includeInIndex = 0; path = Pods_MoviesList_SwiftTests.framework; sourceTree = BUILT_PRODUCTS_DIR; };
		9C1377FB228F25AD00DC6BF0 /* movie.jpg */ = {isa = PBXFileReference; lastKnownFileType = image.jpeg; path = movie.jpg; sourceTree = "<group>"; };
		9C16879A228F10060095281F /* RecentsViewController_ExtensionDelegate.swift */ = {isa = PBXFileReference; lastKnownFileType = sourcecode.swift; path = RecentsViewController_ExtensionDelegate.swift; sourceTree = "<group>"; };
		9C16879C228F10390095281F /* RecentsProtocol.swift */ = {isa = PBXFileReference; lastKnownFileType = sourcecode.swift; name = RecentsProtocol.swift; path = MoviesList_Swift/Screens/Recent/View/RecentsProtocol.swift; sourceTree = SOURCE_ROOT; };
		9C16879E228F10680095281F /* RecentsPresenter.swift */ = {isa = PBXFileReference; lastKnownFileType = sourcecode.swift; name = RecentsPresenter.swift; path = MoviesList_Swift/Screens/Recent/View/RecentsPresenter.swift; sourceTree = SOURCE_ROOT; };
		9C1687A0228F10860095281F /* MovieConnection.swift */ = {isa = PBXFileReference; lastKnownFileType = sourcecode.swift; path = MovieConnection.swift; sourceTree = "<group>"; };
		9C27748E2291DFE3008A7B1D /* MoviesDetailsPresenter.swift */ = {isa = PBXFileReference; lastKnownFileType = sourcecode.swift; name = MoviesDetailsPresenter.swift; path = MoviesList_Swift/Screens/MovieDetails/View/MoviesDetailsPresenter.swift; sourceTree = SOURCE_ROOT; };
		9C2774902291EC1F008A7B1D /* MoviesDetailsProtocol.swift */ = {isa = PBXFileReference; lastKnownFileType = sourcecode.swift; name = MoviesDetailsProtocol.swift; path = MoviesList_Swift/Screens/MovieDetails/View/MoviesDetailsProtocol.swift; sourceTree = SOURCE_ROOT; };
		9C60AB9A2293692B008D2E04 /* ReviewsTableViewCell.swift */ = {isa = PBXFileReference; lastKnownFileType = sourcecode.swift; path = ReviewsTableViewCell.swift; sourceTree = "<group>"; };
		9C60AB9C2293693A008D2E04 /* TrailersTableViewCell.swift */ = {isa = PBXFileReference; lastKnownFileType = sourcecode.swift; path = TrailersTableViewCell.swift; sourceTree = "<group>"; };
		9CD2CEBA2291AD3C00F3E948 /* MoviesDetailsVC_ExtensionDelegate.swift */ = {isa = PBXFileReference; lastKnownFileType = sourcecode.swift; path = MoviesDetailsVC_ExtensionDelegate.swift; sourceTree = "<group>"; };
		9CFC55F02290B15000900A2D /* ranking (2).png */ = {isa = PBXFileReference; lastKnownFileType = image.png; path = "ranking (2).png"; sourceTree = "<group>"; };
		9CFC55F12290B15000900A2D /* top-games-star (3).png */ = {isa = PBXFileReference; lastKnownFileType = image.png; path = "top-games-star (3).png"; sourceTree = "<group>"; };
		9CFC55F52290D69400900A2D /* favicon.ico */ = {isa = PBXFileReference; lastKnownFileType = image.ico; path = favicon.ico; sourceTree = "<group>"; };
		ABD6018811D9277B830DADCE /* Pods-MoviesList_Swift.release.xcconfig */ = {isa = PBXFileReference; includeInIndex = 1; lastKnownFileType = text.xcconfig; name = "Pods-MoviesList_Swift.release.xcconfig"; path = "Pods/Target Support Files/Pods-MoviesList_Swift/Pods-MoviesList_Swift.release.xcconfig"; sourceTree = "<group>"; };
		AF16485BB55C22D8ED31C81C /* Pods_MoviesList_SwiftUITests.framework */ = {isa = PBXFileReference; explicitFileType = wrapper.framework; includeInIndex = 0; path = Pods_MoviesList_SwiftUITests.framework; sourceTree = BUILT_PRODUCTS_DIR; };
		BABDCFEE228AC2A40002724E /* Movie.swift */ = {isa = PBXFileReference; lastKnownFileType = sourcecode.swift; path = Movie.swift; sourceTree = SOURCE_ROOT; };
		C8A4D70F7B49DEACCBC818AD /* Pods-MoviesList_SwiftUITests.debug.xcconfig */ = {isa = PBXFileReference; includeInIndex = 1; lastKnownFileType = text.xcconfig; name = "Pods-MoviesList_SwiftUITests.debug.xcconfig"; path = "Pods/Target Support Files/Pods-MoviesList_SwiftUITests/Pods-MoviesList_SwiftUITests.debug.xcconfig"; sourceTree = "<group>"; };
		C9D55D85D8275DE91FE2D702 /* Pods-MoviesList_Swift.debug.xcconfig */ = {isa = PBXFileReference; includeInIndex = 1; lastKnownFileType = text.xcconfig; name = "Pods-MoviesList_Swift.debug.xcconfig"; path = "Pods/Target Support Files/Pods-MoviesList_Swift/Pods-MoviesList_Swift.debug.xcconfig"; sourceTree = "<group>"; };
		CC03AB662289A814005B3E3B /* MoviesList_Swift.app */ = {isa = PBXFileReference; explicitFileType = wrapper.application; includeInIndex = 0; path = MoviesList_Swift.app; sourceTree = BUILT_PRODUCTS_DIR; };
		CC03AB692289A814005B3E3B /* AppDelegate.swift */ = {isa = PBXFileReference; lastKnownFileType = sourcecode.swift; path = AppDelegate.swift; sourceTree = "<group>"; };
		CC03AB6B2289A814005B3E3B /* MovieDetailsViewController.swift */ = {isa = PBXFileReference; lastKnownFileType = sourcecode.swift; path = MovieDetailsViewController.swift; sourceTree = "<group>"; };
		CC03AB6E2289A814005B3E3B /* Base */ = {isa = PBXFileReference; lastKnownFileType = file.storyboard; name = Base; path = Base.lproj/Main.storyboard; sourceTree = "<group>"; };
		CC03AB702289A815005B3E3B /* Assets.xcassets */ = {isa = PBXFileReference; lastKnownFileType = folder.assetcatalog; path = Assets.xcassets; sourceTree = "<group>"; };
		CC03AB732289A815005B3E3B /* Base */ = {isa = PBXFileReference; lastKnownFileType = file.storyboard; name = Base; path = Base.lproj/LaunchScreen.storyboard; sourceTree = "<group>"; };
		CC03AB752289A815005B3E3B /* Info.plist */ = {isa = PBXFileReference; lastKnownFileType = text.plist.xml; path = Info.plist; sourceTree = "<group>"; };
		CC03AB7A2289A815005B3E3B /* MoviesList_SwiftTests.xctest */ = {isa = PBXFileReference; explicitFileType = wrapper.cfbundle; includeInIndex = 0; path = MoviesList_SwiftTests.xctest; sourceTree = BUILT_PRODUCTS_DIR; };
		CC03AB7E2289A815005B3E3B /* MoviesList_SwiftTests.swift */ = {isa = PBXFileReference; lastKnownFileType = sourcecode.swift; path = MoviesList_SwiftTests.swift; sourceTree = "<group>"; };
		CC03AB802289A815005B3E3B /* Info.plist */ = {isa = PBXFileReference; lastKnownFileType = text.plist.xml; path = Info.plist; sourceTree = "<group>"; };
		CC03AB852289A815005B3E3B /* MoviesList_SwiftUITests.xctest */ = {isa = PBXFileReference; explicitFileType = wrapper.cfbundle; includeInIndex = 0; path = MoviesList_SwiftUITests.xctest; sourceTree = BUILT_PRODUCTS_DIR; };
		CC03AB892289A815005B3E3B /* MoviesList_SwiftUITests.swift */ = {isa = PBXFileReference; lastKnownFileType = sourcecode.swift; path = MoviesList_SwiftUITests.swift; sourceTree = "<group>"; };
		CC03AB8B2289A815005B3E3B /* Info.plist */ = {isa = PBXFileReference; lastKnownFileType = text.plist.xml; path = Info.plist; sourceTree = "<group>"; };
		CC03AB982289B421005B3E3B /* RecentViewController.swift */ = {isa = PBXFileReference; lastKnownFileType = sourcecode.swift; path = RecentViewController.swift; sourceTree = "<group>"; };
		CC03AB9B2289B491005B3E3B /* CoreData.framework */ = {isa = PBXFileReference; lastKnownFileType = wrapper.framework; name = CoreData.framework; path = System/Library/Frameworks/CoreData.framework; sourceTree = SDKROOT; };
		CC03AB9E2289B53D005B3E3B /* MoviesCoreData.xcdatamodel */ = {isa = PBXFileReference; lastKnownFileType = wrapper.xcdatamodel; path = MoviesCoreData.xcdatamodel; sourceTree = "<group>"; };
		CC03ABA02289B58F005B3E3B /* FavoritesViewController.swift */ = {isa = PBXFileReference; lastKnownFileType = sourcecode.swift; path = FavoritesViewController.swift; sourceTree = "<group>"; };
		CC6C821C228F572600D0D04C /* VedioDao.swift */ = {isa = PBXFileReference; fileEncoding = 4; lastKnownFileType = sourcecode.swift; path = VedioDao.swift; sourceTree = "<group>"; };
		CC6C821E2290B4D800D0D04C /* FavoritesDelegate.swift */ = {isa = PBXFileReference; lastKnownFileType = sourcecode.swift; path = FavoritesDelegate.swift; sourceTree = "<group>"; };
		CC6C82202290B56F00D0D04C /* FavoritesProtocol.swift */ = {isa = PBXFileReference; lastKnownFileType = sourcecode.swift; name = FavoritesProtocol.swift; path = MoviesList_Swift/Screens/Favorites/View/FavoritesProtocol.swift; sourceTree = SOURCE_ROOT; };
		CC6C82222290B58C00D0D04C /* FavoritesPresenter.swift */ = {isa = PBXFileReference; lastKnownFileType = sourcecode.swift; name = FavoritesPresenter.swift; path = MoviesList_Swift/Screens/Favorites/View/FavoritesPresenter.swift; sourceTree = SOURCE_ROOT; };
		CCCA53F1228AFB7700F7ABD1 /* RecentCollectionViewCell.swift */ = {isa = PBXFileReference; lastKnownFileType = sourcecode.swift; path = RecentCollectionViewCell.swift; sourceTree = "<group>"; };
		CCCA53F3228B11B900F7ABD1 /* Review.swift */ = {isa = PBXFileReference; lastKnownFileType = sourcecode.swift; name = Review.swift; path = MoviesList_Swift/Screens/Recent/View/Review.swift; sourceTree = SOURCE_ROOT; };
		CCCA53F5228B11C800F7ABD1 /* Video.swift */ = {isa = PBXFileReference; lastKnownFileType = sourcecode.swift; name = Video.swift; path = MoviesList_Swift/Screens/Recent/View/Video.swift; sourceTree = SOURCE_ROOT; };
		CCCA53F7228B160E00F7ABD1 /* ReviewDao.swift */ = {isa = PBXFileReference; lastKnownFileType = sourcecode.swift; name = ReviewDao.swift; path = MoviesList_Swift/Services/Network/ReviewDao.swift; sourceTree = SOURCE_ROOT; };
/* End PBXFileReference section */

/* Begin PBXFrameworksBuildPhase section */
		CC03AB632289A814005B3E3B /* Frameworks */ = {
			isa = PBXFrameworksBuildPhase;
			buildActionMask = 2147483647;
			files = (
				CC03AB9C2289B491005B3E3B /* CoreData.framework in Frameworks */,
				77A1E6AB807A14992DA22D05 /* Pods_MoviesList_Swift.framework in Frameworks */,
			);
			runOnlyForDeploymentPostprocessing = 0;
		};
		CC03AB772289A815005B3E3B /* Frameworks */ = {
			isa = PBXFrameworksBuildPhase;
			buildActionMask = 2147483647;
			files = (
				B66BAEAC94257128A3139271 /* Pods_MoviesList_SwiftTests.framework in Frameworks */,
			);
			runOnlyForDeploymentPostprocessing = 0;
		};
		CC03AB822289A815005B3E3B /* Frameworks */ = {
			isa = PBXFrameworksBuildPhase;
			buildActionMask = 2147483647;
			files = (
				8EC8BA72743BF65CDE8A419E /* Pods_MoviesList_SwiftUITests.framework in Frameworks */,
			);
			runOnlyForDeploymentPostprocessing = 0;
		};
/* End PBXFrameworksBuildPhase section */

/* Begin PBXGroup section */
		344DD04E8CA6882508A08B7B /* Pods */ = {
			isa = PBXGroup;
			children = (
				C9D55D85D8275DE91FE2D702 /* Pods-MoviesList_Swift.debug.xcconfig */,
				ABD6018811D9277B830DADCE /* Pods-MoviesList_Swift.release.xcconfig */,
				0F925DD388E321021A40751B /* Pods-MoviesList_SwiftTests.debug.xcconfig */,
				3647DA3024CF576F0B4C023A /* Pods-MoviesList_SwiftTests.release.xcconfig */,
				C8A4D70F7B49DEACCBC818AD /* Pods-MoviesList_SwiftUITests.debug.xcconfig */,
				6B581A087BD8E831F808D731 /* Pods-MoviesList_SwiftUITests.release.xcconfig */,
			);
			name = Pods;
			sourceTree = "<group>";
		};
		9CFC55F42290B1DD00900A2D /* Images */ = {
			isa = PBXGroup;
			children = (
				9CFC55F52290D69400900A2D /* favicon.ico */,
				9CFC55F02290B15000900A2D /* ranking (2).png */,
				9CFC55F12290B15000900A2D /* top-games-star (3).png */,
				9C1377FB228F25AD00DC6BF0 /* movie.jpg */,
			);
			path = Images;
			sourceTree = "<group>";
		};
		CC03AB5D2289A814005B3E3B = {
			isa = PBXGroup;
			children = (
				9CFC55F42290B1DD00900A2D /* Images */,
				CC03AB682289A814005B3E3B /* MoviesList_Swift */,
				CC03AB7D2289A815005B3E3B /* MoviesList_SwiftTests */,
				CC03AB882289A815005B3E3B /* MoviesList_SwiftUITests */,
				CC03AB672289A814005B3E3B /* Products */,
				CC03AB9A2289B491005B3E3B /* Frameworks */,
				344DD04E8CA6882508A08B7B /* Pods */,
			);
			sourceTree = "<group>";
		};
		CC03AB672289A814005B3E3B /* Products */ = {
			isa = PBXGroup;
			children = (
				CC03AB662289A814005B3E3B /* MoviesList_Swift.app */,
				CC03AB7A2289A815005B3E3B /* MoviesList_SwiftTests.xctest */,
				CC03AB852289A815005B3E3B /* MoviesList_SwiftUITests.xctest */,
			);
			name = Products;
			sourceTree = "<group>";
		};
		CC03AB682289A814005B3E3B /* MoviesList_Swift */ = {
			isa = PBXGroup;
			children = (
				CC03AB972289B035005B3E3B /* Model */,
				CC03ABA32289B7B6005B3E3B /* Services */,
				CC03ABA22289B799005B3E3B /* Screens */,
				CC03AB692289A814005B3E3B /* AppDelegate.swift */,
				CC03AB6D2289A814005B3E3B /* Main.storyboard */,
				CC03AB702289A815005B3E3B /* Assets.xcassets */,
				CC03AB722289A815005B3E3B /* LaunchScreen.storyboard */,
				CC03AB752289A815005B3E3B /* Info.plist */,
			);
			path = MoviesList_Swift;
			sourceTree = "<group>";
		};
		CC03AB7D2289A815005B3E3B /* MoviesList_SwiftTests */ = {
			isa = PBXGroup;
			children = (
				CC03AB7E2289A815005B3E3B /* MoviesList_SwiftTests.swift */,
				CC03AB802289A815005B3E3B /* Info.plist */,
			);
			path = MoviesList_SwiftTests;
			sourceTree = "<group>";
		};
		CC03AB882289A815005B3E3B /* MoviesList_SwiftUITests */ = {
			isa = PBXGroup;
			children = (
				CC03AB892289A815005B3E3B /* MoviesList_SwiftUITests.swift */,
				CC03AB8B2289A815005B3E3B /* Info.plist */,
			);
			path = MoviesList_SwiftUITests;
			sourceTree = "<group>";
		};
		CC03AB972289B035005B3E3B /* Model */ = {
			isa = PBXGroup;
			children = (
				BABDCFEE228AC2A40002724E /* Movie.swift */,
				CCCA53F3228B11B900F7ABD1 /* Review.swift */,
				CCCA53F5228B11C800F7ABD1 /* Video.swift */,
			);
			path = Model;
			sourceTree = "<group>";
		};
		CC03AB9A2289B491005B3E3B /* Frameworks */ = {
			isa = PBXGroup;
			children = (
				CC03AB9B2289B491005B3E3B /* CoreData.framework */,
				152670DE2F6C831432515626 /* Pods_MoviesList_Swift.framework */,
				99C4C3BE6BB4E6D4F702E154 /* Pods_MoviesList_SwiftTests.framework */,
				AF16485BB55C22D8ED31C81C /* Pods_MoviesList_SwiftUITests.framework */,
			);
			name = Frameworks;
			sourceTree = "<group>";
		};
		CC03ABA22289B799005B3E3B /* Screens */ = {
			isa = PBXGroup;
			children = (
				CC03ABA82289B866005B3E3B /* MovieDetails */,
				CC03ABA72289B859005B3E3B /* Favorites */,
				CC03ABA62289B846005B3E3B /* Recent */,
			);
			path = Screens;
			sourceTree = "<group>";
		};
		CC03ABA32289B7B6005B3E3B /* Services */ = {
			isa = PBXGroup;
			children = (
				CC03ABA52289B80D005B3E3B /* DataAccess */,
				CC03ABA42289B803005B3E3B /* Network */,
			);
			path = Services;
			sourceTree = "<group>";
		};
		CC03ABA42289B803005B3E3B /* Network */ = {
			isa = PBXGroup;
			children = (
				CC6C821C228F572600D0D04C /* VedioDao.swift */,
				CCCA53F7228B160E00F7ABD1 /* ReviewDao.swift */,
				9C1687A0228F10860095281F /* MovieConnection.swift */,
			);
			path = Network;
			sourceTree = "<group>";
		};
		CC03ABA52289B80D005B3E3B /* DataAccess */ = {
			isa = PBXGroup;
			children = (
				CC03AB9D2289B53D005B3E3B /* MoviesCoreData.xcdatamodeld */,
			);
			name = DataAccess;
			sourceTree = "<group>";
		};
		CC03ABA62289B846005B3E3B /* Recent */ = {
			isa = PBXGroup;
			children = (
				CC03ABAF2289B96B005B3E3B /* View */,
				CC03ABB12289B979005B3E3B /* Protocols */,
				CC03ABB02289B972005B3E3B /* Presenter */,
			);
			path = Recent;
			sourceTree = "<group>";
		};
		CC03ABA72289B859005B3E3B /* Favorites */ = {
			isa = PBXGroup;
			children = (
				CC03ABAC2289B953005B3E3B /* View */,
				CC03ABAE2289B961005B3E3B /* Protocols */,
				CC03ABAD2289B959005B3E3B /* Presenter */,
			);
			path = Favorites;
			sourceTree = "<group>";
		};
		CC03ABA82289B866005B3E3B /* MovieDetails */ = {
			isa = PBXGroup;
			children = (
				CC03ABAB2289B8A1005B3E3B /* View */,
				CC03ABAA2289B893005B3E3B /* Presenter */,
				CC03ABA92289B879005B3E3B /* Protocols */,
			);
			path = MovieDetails;
			sourceTree = "<group>";
		};
		CC03ABA92289B879005B3E3B /* Protocols */ = {
			isa = PBXGroup;
			children = (
				9C2774902291EC1F008A7B1D /* MoviesDetailsProtocol.swift */,
			);
			path = Protocols;
			sourceTree = "<group>";
		};
		CC03ABAA2289B893005B3E3B /* Presenter */ = {
			isa = PBXGroup;
			children = (
				9C27748E2291DFE3008A7B1D /* MoviesDetailsPresenter.swift */,
			);
			path = Presenter;
			sourceTree = "<group>";
		};
		CC03ABAB2289B8A1005B3E3B /* View */ = {
			isa = PBXGroup;
			children = (
				CC03AB6B2289A814005B3E3B /* MovieDetailsViewController.swift */,
				9CD2CEBA2291AD3C00F3E948 /* MoviesDetailsVC_ExtensionDelegate.swift */,
				9C60AB9A2293692B008D2E04 /* ReviewsTableViewCell.swift */,
				9C60AB9C2293693A008D2E04 /* TrailersTableViewCell.swift */,
			);
			path = View;
			sourceTree = "<group>";
		};
		CC03ABAC2289B953005B3E3B /* View */ = {
			isa = PBXGroup;
			children = (
				CC03ABA02289B58F005B3E3B /* FavoritesViewController.swift */,
				CC6C821E2290B4D800D0D04C /* FavoritesDelegate.swift */,
			);
			path = View;
			sourceTree = "<group>";
		};
		CC03ABAD2289B959005B3E3B /* Presenter */ = {
			isa = PBXGroup;
			children = (
				CC6C82222290B58C00D0D04C /* FavoritesPresenter.swift */,
			);
			path = Presenter;
			sourceTree = "<group>";
		};
		CC03ABAE2289B961005B3E3B /* Protocols */ = {
			isa = PBXGroup;
			children = (
				CC6C82202290B56F00D0D04C /* FavoritesProtocol.swift */,
			);
			path = Protocols;
			sourceTree = "<group>";
		};
		CC03ABAF2289B96B005B3E3B /* View */ = {
			isa = PBXGroup;
			children = (
				CC03AB982289B421005B3E3B /* RecentViewController.swift */,
				CCCA53F1228AFB7700F7ABD1 /* RecentCollectionViewCell.swift */,
				9C16879A228F10060095281F /* RecentsViewController_ExtensionDelegate.swift */,
			);
			path = View;
			sourceTree = "<group>";
		};
		CC03ABB02289B972005B3E3B /* Presenter */ = {
			isa = PBXGroup;
			children = (
				9C16879E228F10680095281F /* RecentsPresenter.swift */,
			);
			path = Presenter;
			sourceTree = "<group>";
		};
		CC03ABB12289B979005B3E3B /* Protocols */ = {
			isa = PBXGroup;
			children = (
				9C16879C228F10390095281F /* RecentsProtocol.swift */,
			);
			path = Protocols;
			sourceTree = "<group>";
		};
/* End PBXGroup section */

/* Begin PBXNativeTarget section */
		CC03AB652289A814005B3E3B /* MoviesList_Swift */ = {
			isa = PBXNativeTarget;
			buildConfigurationList = CC03AB8E2289A815005B3E3B /* Build configuration list for PBXNativeTarget "MoviesList_Swift" */;
			buildPhases = (
				D3D19CE9C5E8A1334353D214 /* [CP] Check Pods Manifest.lock */,
				CC03AB622289A814005B3E3B /* Sources */,
				CC03AB632289A814005B3E3B /* Frameworks */,
				CC03AB642289A814005B3E3B /* Resources */,
				A711D1A54ABEFB43AD400223 /* [CP] Embed Pods Frameworks */,
			);
			buildRules = (
			);
			dependencies = (
			);
			name = MoviesList_Swift;
			productName = MoviesList_Swift;
			productReference = CC03AB662289A814005B3E3B /* MoviesList_Swift.app */;
			productType = "com.apple.product-type.application";
		};
		CC03AB792289A815005B3E3B /* MoviesList_SwiftTests */ = {
			isa = PBXNativeTarget;
			buildConfigurationList = CC03AB912289A815005B3E3B /* Build configuration list for PBXNativeTarget "MoviesList_SwiftTests" */;
			buildPhases = (
				288900A5859EF63027C3B6FD /* [CP] Check Pods Manifest.lock */,
				CC03AB762289A815005B3E3B /* Sources */,
				CC03AB772289A815005B3E3B /* Frameworks */,
				CC03AB782289A815005B3E3B /* Resources */,
			);
			buildRules = (
			);
			dependencies = (
				CC03AB7C2289A815005B3E3B /* PBXTargetDependency */,
			);
			name = MoviesList_SwiftTests;
			productName = MoviesList_SwiftTests;
			productReference = CC03AB7A2289A815005B3E3B /* MoviesList_SwiftTests.xctest */;
			productType = "com.apple.product-type.bundle.unit-test";
		};
		CC03AB842289A815005B3E3B /* MoviesList_SwiftUITests */ = {
			isa = PBXNativeTarget;
			buildConfigurationList = CC03AB942289A815005B3E3B /* Build configuration list for PBXNativeTarget "MoviesList_SwiftUITests" */;
			buildPhases = (
				C9F1DB6E625866354B3EE13B /* [CP] Check Pods Manifest.lock */,
				CC03AB812289A815005B3E3B /* Sources */,
				CC03AB822289A815005B3E3B /* Frameworks */,
				CC03AB832289A815005B3E3B /* Resources */,
			);
			buildRules = (
			);
			dependencies = (
				CC03AB872289A815005B3E3B /* PBXTargetDependency */,
			);
			name = MoviesList_SwiftUITests;
			productName = MoviesList_SwiftUITests;
			productReference = CC03AB852289A815005B3E3B /* MoviesList_SwiftUITests.xctest */;
			productType = "com.apple.product-type.bundle.ui-testing";
		};
/* End PBXNativeTarget section */

/* Begin PBXProject section */
		CC03AB5E2289A814005B3E3B /* Project object */ = {
			isa = PBXProject;
			attributes = {
				LastSwiftUpdateCheck = 1020;
				LastUpgradeCheck = 1020;
				ORGANIZATIONNAME = ITI.MAD;
				TargetAttributes = {
					CC03AB652289A814005B3E3B = {
						CreatedOnToolsVersion = 10.2.1;
					};
					CC03AB792289A815005B3E3B = {
						CreatedOnToolsVersion = 10.2.1;
						TestTargetID = CC03AB652289A814005B3E3B;
					};
					CC03AB842289A815005B3E3B = {
						CreatedOnToolsVersion = 10.2.1;
						TestTargetID = CC03AB652289A814005B3E3B;
					};
				};
			};
			buildConfigurationList = CC03AB612289A814005B3E3B /* Build configuration list for PBXProject "MoviesList_Swift" */;
			compatibilityVersion = "Xcode 9.3";
			developmentRegion = en;
			hasScannedForEncodings = 0;
			knownRegions = (
				en,
				Base,
			);
			mainGroup = CC03AB5D2289A814005B3E3B;
			productRefGroup = CC03AB672289A814005B3E3B /* Products */;
			projectDirPath = "";
			projectRoot = "";
			targets = (
				CC03AB652289A814005B3E3B /* MoviesList_Swift */,
				CC03AB792289A815005B3E3B /* MoviesList_SwiftTests */,
				CC03AB842289A815005B3E3B /* MoviesList_SwiftUITests */,
			);
		};
/* End PBXProject section */

/* Begin PBXResourcesBuildPhase section */
		CC03AB642289A814005B3E3B /* Resources */ = {
			isa = PBXResourcesBuildPhase;
			buildActionMask = 2147483647;
			files = (
				9C1377FC228F25AE00DC6BF0 /* movie.jpg in Resources */,
				CC03AB742289A815005B3E3B /* LaunchScreen.storyboard in Resources */,
				9CFC55F22290B15100900A2D /* ranking (2).png in Resources */,
				9CFC55F32290B15100900A2D /* top-games-star (3).png in Resources */,
				CC03AB712289A815005B3E3B /* Assets.xcassets in Resources */,
				CC03AB6F2289A814005B3E3B /* Main.storyboard in Resources */,
				9CFC55F62290D69400900A2D /* favicon.ico in Resources */,
			);
			runOnlyForDeploymentPostprocessing = 0;
		};
		CC03AB782289A815005B3E3B /* Resources */ = {
			isa = PBXResourcesBuildPhase;
			buildActionMask = 2147483647;
			files = (
			);
			runOnlyForDeploymentPostprocessing = 0;
		};
		CC03AB832289A815005B3E3B /* Resources */ = {
			isa = PBXResourcesBuildPhase;
			buildActionMask = 2147483647;
			files = (
			);
			runOnlyForDeploymentPostprocessing = 0;
		};
/* End PBXResourcesBuildPhase section */

/* Begin PBXShellScriptBuildPhase section */
		288900A5859EF63027C3B6FD /* [CP] Check Pods Manifest.lock */ = {
			isa = PBXShellScriptBuildPhase;
			buildActionMask = 2147483647;
			files = (
			);
			inputPaths = (
				"${PODS_PODFILE_DIR_PATH}/Podfile.lock",
				"${PODS_ROOT}/Manifest.lock",
			);
			name = "[CP] Check Pods Manifest.lock";
			outputPaths = (
				"$(DERIVED_FILE_DIR)/Pods-MoviesList_SwiftTests-checkManifestLockResult.txt",
			);
			runOnlyForDeploymentPostprocessing = 0;
			shellPath = /bin/sh;
			shellScript = "diff \"${PODS_PODFILE_DIR_PATH}/Podfile.lock\" \"${PODS_ROOT}/Manifest.lock\" > /dev/null\nif [ $? != 0 ] ; then\n    # print error to STDERR\n    echo \"error: The sandbox is not in sync with the Podfile.lock. Run 'pod install' or update your CocoaPods installation.\" >&2\n    exit 1\nfi\n# This output is used by Xcode 'outputs' to avoid re-running this script phase.\necho \"SUCCESS\" > \"${SCRIPT_OUTPUT_FILE_0}\"\n";
			showEnvVarsInLog = 0;
		};
		A711D1A54ABEFB43AD400223 /* [CP] Embed Pods Frameworks */ = {
			isa = PBXShellScriptBuildPhase;
			buildActionMask = 2147483647;
			files = (
			);
			inputPaths = (
				"${SRCROOT}/Pods/Target Support Files/Pods-MoviesList_Swift/Pods-MoviesList_Swift-frameworks.sh",
				"${BUILT_PRODUCTS_DIR}/Alamofire/Alamofire.framework",
				"${BUILT_PRODUCTS_DIR}/SDWebImage/SDWebImage.framework",
			);
			name = "[CP] Embed Pods Frameworks";
			outputPaths = (
				"${TARGET_BUILD_DIR}/${FRAMEWORKS_FOLDER_PATH}/Alamofire.framework",
				"${TARGET_BUILD_DIR}/${FRAMEWORKS_FOLDER_PATH}/SDWebImage.framework",
			);
			runOnlyForDeploymentPostprocessing = 0;
			shellPath = /bin/sh;
			shellScript = "\"${SRCROOT}/Pods/Target Support Files/Pods-MoviesList_Swift/Pods-MoviesList_Swift-frameworks.sh\"\n";
			showEnvVarsInLog = 0;
		};
		C9F1DB6E625866354B3EE13B /* [CP] Check Pods Manifest.lock */ = {
			isa = PBXShellScriptBuildPhase;
			buildActionMask = 2147483647;
			files = (
			);
			inputPaths = (
				"${PODS_PODFILE_DIR_PATH}/Podfile.lock",
				"${PODS_ROOT}/Manifest.lock",
			);
			name = "[CP] Check Pods Manifest.lock";
			outputPaths = (
				"$(DERIVED_FILE_DIR)/Pods-MoviesList_SwiftUITests-checkManifestLockResult.txt",
			);
			runOnlyForDeploymentPostprocessing = 0;
			shellPath = /bin/sh;
			shellScript = "diff \"${PODS_PODFILE_DIR_PATH}/Podfile.lock\" \"${PODS_ROOT}/Manifest.lock\" > /dev/null\nif [ $? != 0 ] ; then\n    # print error to STDERR\n    echo \"error: The sandbox is not in sync with the Podfile.lock. Run 'pod install' or update your CocoaPods installation.\" >&2\n    exit 1\nfi\n# This output is used by Xcode 'outputs' to avoid re-running this script phase.\necho \"SUCCESS\" > \"${SCRIPT_OUTPUT_FILE_0}\"\n";
			showEnvVarsInLog = 0;
		};
		D3D19CE9C5E8A1334353D214 /* [CP] Check Pods Manifest.lock */ = {
			isa = PBXShellScriptBuildPhase;
			buildActionMask = 2147483647;
			files = (
			);
			inputPaths = (
				"${PODS_PODFILE_DIR_PATH}/Podfile.lock",
				"${PODS_ROOT}/Manifest.lock",
			);
			name = "[CP] Check Pods Manifest.lock";
			outputPaths = (
				"$(DERIVED_FILE_DIR)/Pods-MoviesList_Swift-checkManifestLockResult.txt",
			);
			runOnlyForDeploymentPostprocessing = 0;
			shellPath = /bin/sh;
			shellScript = "diff \"${PODS_PODFILE_DIR_PATH}/Podfile.lock\" \"${PODS_ROOT}/Manifest.lock\" > /dev/null\nif [ $? != 0 ] ; then\n    # print error to STDERR\n    echo \"error: The sandbox is not in sync with the Podfile.lock. Run 'pod install' or update your CocoaPods installation.\" >&2\n    exit 1\nfi\n# This output is used by Xcode 'outputs' to avoid re-running this script phase.\necho \"SUCCESS\" > \"${SCRIPT_OUTPUT_FILE_0}\"\n";
			showEnvVarsInLog = 0;
		};
/* End PBXShellScriptBuildPhase section */

/* Begin PBXSourcesBuildPhase section */
		CC03AB622289A814005B3E3B /* Sources */ = {
			isa = PBXSourcesBuildPhase;
			buildActionMask = 2147483647;
			files = (
				CC03AB992289B421005B3E3B /* RecentViewController.swift in Sources */,
				9C60AB9B2293692B008D2E04 /* ReviewsTableViewCell.swift in Sources */,
				9C16879F228F10680095281F /* RecentsPresenter.swift in Sources */,
				CCCA53F4228B11B900F7ABD1 /* Review.swift in Sources */,
				9C16879D228F10390095281F /* RecentsProtocol.swift in Sources */,
				CC6C821D228F572600D0D04C /* VedioDao.swift in Sources */,
				9CD2CEBB2291AD3C00F3E948 /* MoviesDetailsVC_ExtensionDelegate.swift in Sources */,
				CCCA53F6228B11C800F7ABD1 /* Video.swift in Sources */,
				CC03AB9F2289B53D005B3E3B /* MoviesCoreData.xcdatamodeld in Sources */,
				BABDCFEF228AC2A40002724E /* Movie.swift in Sources */,
				CC03AB6C2289A814005B3E3B /* MovieDetailsViewController.swift in Sources */,
				9C16879B228F10060095281F /* RecentsViewController_ExtensionDelegate.swift in Sources */,
				9C1687A1228F10860095281F /* MovieConnection.swift in Sources */,
				CCCA53F8228B160E00F7ABD1 /* ReviewDao.swift in Sources */,
				CC6C82212290B56F00D0D04C /* FavoritesProtocol.swift in Sources */,
				CCCA53F2228AFB7700F7ABD1 /* RecentCollectionViewCell.swift in Sources */,
				CC6C82232290B58C00D0D04C /* FavoritesPresenter.swift in Sources */,
				9C27748F2291DFE3008A7B1D /* MoviesDetailsPresenter.swift in Sources */,
				9C60AB9D2293693A008D2E04 /* TrailersTableViewCell.swift in Sources */,
				CC03ABA12289B58F005B3E3B /* FavoritesViewController.swift in Sources */,
				CC03AB6A2289A814005B3E3B /* AppDelegate.swift in Sources */,
				9C2774912291EC1F008A7B1D /* MoviesDetailsProtocol.swift in Sources */,
				CC6C821F2290B4D800D0D04C /* FavoritesDelegate.swift in Sources */,
			);
			runOnlyForDeploymentPostprocessing = 0;
		};
		CC03AB762289A815005B3E3B /* Sources */ = {
			isa = PBXSourcesBuildPhase;
			buildActionMask = 2147483647;
			files = (
				CC03AB7F2289A815005B3E3B /* MoviesList_SwiftTests.swift in Sources */,
			);
			runOnlyForDeploymentPostprocessing = 0;
		};
		CC03AB812289A815005B3E3B /* Sources */ = {
			isa = PBXSourcesBuildPhase;
			buildActionMask = 2147483647;
			files = (
				CC03AB8A2289A815005B3E3B /* MoviesList_SwiftUITests.swift in Sources */,
			);
			runOnlyForDeploymentPostprocessing = 0;
		};
/* End PBXSourcesBuildPhase section */

/* Begin PBXTargetDependency section */
		CC03AB7C2289A815005B3E3B /* PBXTargetDependency */ = {
			isa = PBXTargetDependency;
			target = CC03AB652289A814005B3E3B /* MoviesList_Swift */;
			targetProxy = CC03AB7B2289A815005B3E3B /* PBXContainerItemProxy */;
		};
		CC03AB872289A815005B3E3B /* PBXTargetDependency */ = {
			isa = PBXTargetDependency;
			target = CC03AB652289A814005B3E3B /* MoviesList_Swift */;
			targetProxy = CC03AB862289A815005B3E3B /* PBXContainerItemProxy */;
		};
/* End PBXTargetDependency section */

/* Begin PBXVariantGroup section */
		CC03AB6D2289A814005B3E3B /* Main.storyboard */ = {
			isa = PBXVariantGroup;
			children = (
				CC03AB6E2289A814005B3E3B /* Base */,
			);
			name = Main.storyboard;
			sourceTree = "<group>";
		};
		CC03AB722289A815005B3E3B /* LaunchScreen.storyboard */ = {
			isa = PBXVariantGroup;
			children = (
				CC03AB732289A815005B3E3B /* Base */,
			);
			name = LaunchScreen.storyboard;
			sourceTree = "<group>";
		};
/* End PBXVariantGroup section */

/* Begin XCBuildConfiguration section */
		CC03AB8C2289A815005B3E3B /* Debug */ = {
			isa = XCBuildConfiguration;
			buildSettings = {
				ALWAYS_SEARCH_USER_PATHS = NO;
				CLANG_ANALYZER_NONNULL = YES;
				CLANG_ANALYZER_NUMBER_OBJECT_CONVERSION = YES_AGGRESSIVE;
				CLANG_CXX_LANGUAGE_STANDARD = "gnu++14";
				CLANG_CXX_LIBRARY = "libc++";
				CLANG_ENABLE_MODULES = YES;
				CLANG_ENABLE_OBJC_ARC = YES;
				CLANG_ENABLE_OBJC_WEAK = YES;
				CLANG_WARN_BLOCK_CAPTURE_AUTORELEASING = YES;
				CLANG_WARN_BOOL_CONVERSION = YES;
				CLANG_WARN_COMMA = YES;
				CLANG_WARN_CONSTANT_CONVERSION = YES;
				CLANG_WARN_DEPRECATED_OBJC_IMPLEMENTATIONS = YES;
				CLANG_WARN_DIRECT_OBJC_ISA_USAGE = YES_ERROR;
				CLANG_WARN_DOCUMENTATION_COMMENTS = YES;
				CLANG_WARN_EMPTY_BODY = YES;
				CLANG_WARN_ENUM_CONVERSION = YES;
				CLANG_WARN_INFINITE_RECURSION = YES;
				CLANG_WARN_INT_CONVERSION = YES;
				CLANG_WARN_NON_LITERAL_NULL_CONVERSION = YES;
				CLANG_WARN_OBJC_IMPLICIT_RETAIN_SELF = YES;
				CLANG_WARN_OBJC_LITERAL_CONVERSION = YES;
				CLANG_WARN_OBJC_ROOT_CLASS = YES_ERROR;
				CLANG_WARN_RANGE_LOOP_ANALYSIS = YES;
				CLANG_WARN_STRICT_PROTOTYPES = YES;
				CLANG_WARN_SUSPICIOUS_MOVE = YES;
				CLANG_WARN_UNGUARDED_AVAILABILITY = YES_AGGRESSIVE;
				CLANG_WARN_UNREACHABLE_CODE = YES;
				CLANG_WARN__DUPLICATE_METHOD_MATCH = YES;
				CODE_SIGN_IDENTITY = "iPhone Developer";
				COPY_PHASE_STRIP = NO;
				DEBUG_INFORMATION_FORMAT = dwarf;
				ENABLE_STRICT_OBJC_MSGSEND = YES;
				ENABLE_TESTABILITY = YES;
				GCC_C_LANGUAGE_STANDARD = gnu11;
				GCC_DYNAMIC_NO_PIC = NO;
				GCC_NO_COMMON_BLOCKS = YES;
				GCC_OPTIMIZATION_LEVEL = 0;
				GCC_PREPROCESSOR_DEFINITIONS = (
					"DEBUG=1",
					"$(inherited)",
				);
				GCC_WARN_64_TO_32_BIT_CONVERSION = YES;
				GCC_WARN_ABOUT_RETURN_TYPE = YES_ERROR;
				GCC_WARN_UNDECLARED_SELECTOR = YES;
				GCC_WARN_UNINITIALIZED_AUTOS = YES_AGGRESSIVE;
				GCC_WARN_UNUSED_FUNCTION = YES;
				GCC_WARN_UNUSED_VARIABLE = YES;
				IPHONEOS_DEPLOYMENT_TARGET = 12.2;
				MTL_ENABLE_DEBUG_INFO = INCLUDE_SOURCE;
				MTL_FAST_MATH = YES;
				ONLY_ACTIVE_ARCH = YES;
				SDKROOT = iphoneos;
				SWIFT_ACTIVE_COMPILATION_CONDITIONS = DEBUG;
				SWIFT_OPTIMIZATION_LEVEL = "-Onone";
			};
			name = Debug;
		};
		CC03AB8D2289A815005B3E3B /* Release */ = {
			isa = XCBuildConfiguration;
			buildSettings = {
				ALWAYS_SEARCH_USER_PATHS = NO;
				CLANG_ANALYZER_NONNULL = YES;
				CLANG_ANALYZER_NUMBER_OBJECT_CONVERSION = YES_AGGRESSIVE;
				CLANG_CXX_LANGUAGE_STANDARD = "gnu++14";
				CLANG_CXX_LIBRARY = "libc++";
				CLANG_ENABLE_MODULES = YES;
				CLANG_ENABLE_OBJC_ARC = YES;
				CLANG_ENABLE_OBJC_WEAK = YES;
				CLANG_WARN_BLOCK_CAPTURE_AUTORELEASING = YES;
				CLANG_WARN_BOOL_CONVERSION = YES;
				CLANG_WARN_COMMA = YES;
				CLANG_WARN_CONSTANT_CONVERSION = YES;
				CLANG_WARN_DEPRECATED_OBJC_IMPLEMENTATIONS = YES;
				CLANG_WARN_DIRECT_OBJC_ISA_USAGE = YES_ERROR;
				CLANG_WARN_DOCUMENTATION_COMMENTS = YES;
				CLANG_WARN_EMPTY_BODY = YES;
				CLANG_WARN_ENUM_CONVERSION = YES;
				CLANG_WARN_INFINITE_RECURSION = YES;
				CLANG_WARN_INT_CONVERSION = YES;
				CLANG_WARN_NON_LITERAL_NULL_CONVERSION = YES;
				CLANG_WARN_OBJC_IMPLICIT_RETAIN_SELF = YES;
				CLANG_WARN_OBJC_LITERAL_CONVERSION = YES;
				CLANG_WARN_OBJC_ROOT_CLASS = YES_ERROR;
				CLANG_WARN_RANGE_LOOP_ANALYSIS = YES;
				CLANG_WARN_STRICT_PROTOTYPES = YES;
				CLANG_WARN_SUSPICIOUS_MOVE = YES;
				CLANG_WARN_UNGUARDED_AVAILABILITY = YES_AGGRESSIVE;
				CLANG_WARN_UNREACHABLE_CODE = YES;
				CLANG_WARN__DUPLICATE_METHOD_MATCH = YES;
				CODE_SIGN_IDENTITY = "iPhone Developer";
				COPY_PHASE_STRIP = NO;
				DEBUG_INFORMATION_FORMAT = "dwarf-with-dsym";
				ENABLE_NS_ASSERTIONS = NO;
				ENABLE_STRICT_OBJC_MSGSEND = YES;
				GCC_C_LANGUAGE_STANDARD = gnu11;
				GCC_NO_COMMON_BLOCKS = YES;
				GCC_WARN_64_TO_32_BIT_CONVERSION = YES;
				GCC_WARN_ABOUT_RETURN_TYPE = YES_ERROR;
				GCC_WARN_UNDECLARED_SELECTOR = YES;
				GCC_WARN_UNINITIALIZED_AUTOS = YES_AGGRESSIVE;
				GCC_WARN_UNUSED_FUNCTION = YES;
				GCC_WARN_UNUSED_VARIABLE = YES;
				IPHONEOS_DEPLOYMENT_TARGET = 12.2;
				MTL_ENABLE_DEBUG_INFO = NO;
				MTL_FAST_MATH = YES;
				SDKROOT = iphoneos;
				SWIFT_COMPILATION_MODE = wholemodule;
				SWIFT_OPTIMIZATION_LEVEL = "-O";
				VALIDATE_PRODUCT = YES;
			};
			name = Release;
		};
		CC03AB8F2289A815005B3E3B /* Debug */ = {
			isa = XCBuildConfiguration;
			baseConfigurationReference = C9D55D85D8275DE91FE2D702 /* Pods-MoviesList_Swift.debug.xcconfig */;
			buildSettings = {
				ASSETCATALOG_COMPILER_APPICON_NAME = AppIcon;
				CODE_SIGN_STYLE = Automatic;
				DEVELOPMENT_TEAM = N7395776MC;
				INFOPLIST_FILE = MoviesList_Swift/Info.plist;
				IPHONEOS_DEPLOYMENT_TARGET = 10.2;
				LD_RUNPATH_SEARCH_PATHS = (
					"$(inherited)",
					"@executable_path/Frameworks",
				);
				PRODUCT_BUNDLE_IDENTIFIER = "ITI.MAD.MoviesList-Swift";
				PRODUCT_NAME = "$(TARGET_NAME)";
				SWIFT_VERSION = 4.0;
				TARGETED_DEVICE_FAMILY = "1,2";
			};
			name = Debug;
		};
		CC03AB902289A815005B3E3B /* Release */ = {
			isa = XCBuildConfiguration;
			baseConfigurationReference = ABD6018811D9277B830DADCE /* Pods-MoviesList_Swift.release.xcconfig */;
			buildSettings = {
				ASSETCATALOG_COMPILER_APPICON_NAME = AppIcon;
				CODE_SIGN_STYLE = Automatic;
				DEVELOPMENT_TEAM = N7395776MC;
				INFOPLIST_FILE = MoviesList_Swift/Info.plist;
				IPHONEOS_DEPLOYMENT_TARGET = 10.2;
				LD_RUNPATH_SEARCH_PATHS = (
					"$(inherited)",
					"@executable_path/Frameworks",
				);
				PRODUCT_BUNDLE_IDENTIFIER = "ITI.MAD.MoviesList-Swift";
				PRODUCT_NAME = "$(TARGET_NAME)";
				SWIFT_VERSION = 4.0;
				TARGETED_DEVICE_FAMILY = "1,2";
			};
			name = Release;
		};
		CC03AB922289A815005B3E3B /* Debug */ = {
			isa = XCBuildConfiguration;
			baseConfigurationReference = 0F925DD388E321021A40751B /* Pods-MoviesList_SwiftTests.debug.xcconfig */;
			buildSettings = {
				ALWAYS_EMBED_SWIFT_STANDARD_LIBRARIES = YES;
				BUNDLE_LOADER = "$(TEST_HOST)";
				CODE_SIGN_STYLE = Automatic;
				DEVELOPMENT_TEAM = N7395776MC;
				INFOPLIST_FILE = MoviesList_SwiftTests/Info.plist;
				LD_RUNPATH_SEARCH_PATHS = (
					"$(inherited)",
					"@executable_path/Frameworks",
					"@loader_path/Frameworks",
				);
				PRODUCT_BUNDLE_IDENTIFIER = "ITI.MAD.MoviesList-SwiftTests";
				PRODUCT_NAME = "$(TARGET_NAME)";
				SWIFT_VERSION = 5.0;
				TARGETED_DEVICE_FAMILY = "1,2";
				TEST_HOST = "$(BUILT_PRODUCTS_DIR)/MoviesList_Swift.app/MoviesList_Swift";
			};
			name = Debug;
		};
		CC03AB932289A815005B3E3B /* Release */ = {
			isa = XCBuildConfiguration;
			baseConfigurationReference = 3647DA3024CF576F0B4C023A /* Pods-MoviesList_SwiftTests.release.xcconfig */;
			buildSettings = {
				ALWAYS_EMBED_SWIFT_STANDARD_LIBRARIES = YES;
				BUNDLE_LOADER = "$(TEST_HOST)";
				CODE_SIGN_STYLE = Automatic;
				DEVELOPMENT_TEAM = N7395776MC;
				INFOPLIST_FILE = MoviesList_SwiftTests/Info.plist;
				LD_RUNPATH_SEARCH_PATHS = (
					"$(inherited)",
					"@executable_path/Frameworks",
					"@loader_path/Frameworks",
				);
				PRODUCT_BUNDLE_IDENTIFIER = "ITI.MAD.MoviesList-SwiftTests";
				PRODUCT_NAME = "$(TARGET_NAME)";
				SWIFT_VERSION = 5.0;
				TARGETED_DEVICE_FAMILY = "1,2";
				TEST_HOST = "$(BUILT_PRODUCTS_DIR)/MoviesList_Swift.app/MoviesList_Swift";
			};
			name = Release;
		};
		CC03AB952289A815005B3E3B /* Debug */ = {
			isa = XCBuildConfiguration;
			baseConfigurationReference = C8A4D70F7B49DEACCBC818AD /* Pods-MoviesList_SwiftUITests.debug.xcconfig */;
			buildSettings = {
				ALWAYS_EMBED_SWIFT_STANDARD_LIBRARIES = YES;
				CODE_SIGN_STYLE = Automatic;
				DEVELOPMENT_TEAM = N7395776MC;
				INFOPLIST_FILE = MoviesList_SwiftUITests/Info.plist;
				LD_RUNPATH_SEARCH_PATHS = (
					"$(inherited)",
					"@executable_path/Frameworks",
					"@loader_path/Frameworks",
				);
				PRODUCT_BUNDLE_IDENTIFIER = "ITI.MAD.MoviesList-SwiftUITests";
				PRODUCT_NAME = "$(TARGET_NAME)";
				SWIFT_VERSION = 5.0;
				TARGETED_DEVICE_FAMILY = "1,2";
				TEST_TARGET_NAME = MoviesList_Swift;
			};
			name = Debug;
		};
		CC03AB962289A815005B3E3B /* Release */ = {
			isa = XCBuildConfiguration;
			baseConfigurationReference = 6B581A087BD8E831F808D731 /* Pods-MoviesList_SwiftUITests.release.xcconfig */;
			buildSettings = {
				ALWAYS_EMBED_SWIFT_STANDARD_LIBRARIES = YES;
				CODE_SIGN_STYLE = Automatic;
				DEVELOPMENT_TEAM = N7395776MC;
				INFOPLIST_FILE = MoviesList_SwiftUITests/Info.plist;
				LD_RUNPATH_SEARCH_PATHS = (
					"$(inherited)",
					"@executable_path/Frameworks",
					"@loader_path/Frameworks",
				);
				PRODUCT_BUNDLE_IDENTIFIER = "ITI.MAD.MoviesList-SwiftUITests";
				PRODUCT_NAME = "$(TARGET_NAME)";
				SWIFT_VERSION = 5.0;
				TARGETED_DEVICE_FAMILY = "1,2";
				TEST_TARGET_NAME = MoviesList_Swift;
			};
			name = Release;
		};
/* End XCBuildConfiguration section */

/* Begin XCConfigurationList section */
		CC03AB612289A814005B3E3B /* Build configuration list for PBXProject "MoviesList_Swift" */ = {
			isa = XCConfigurationList;
			buildConfigurations = (
				CC03AB8C2289A815005B3E3B /* Debug */,
				CC03AB8D2289A815005B3E3B /* Release */,
			);
			defaultConfigurationIsVisible = 0;
			defaultConfigurationName = Release;
		};
		CC03AB8E2289A815005B3E3B /* Build configuration list for PBXNativeTarget "MoviesList_Swift" */ = {
			isa = XCConfigurationList;
			buildConfigurations = (
				CC03AB8F2289A815005B3E3B /* Debug */,
				CC03AB902289A815005B3E3B /* Release */,
			);
			defaultConfigurationIsVisible = 0;
			defaultConfigurationName = Release;
		};
		CC03AB912289A815005B3E3B /* Build configuration list for PBXNativeTarget "MoviesList_SwiftTests" */ = {
			isa = XCConfigurationList;
			buildConfigurations = (
				CC03AB922289A815005B3E3B /* Debug */,
				CC03AB932289A815005B3E3B /* Release */,
			);
			defaultConfigurationIsVisible = 0;
			defaultConfigurationName = Release;
		};
		CC03AB942289A815005B3E3B /* Build configuration list for PBXNativeTarget "MoviesList_SwiftUITests" */ = {
			isa = XCConfigurationList;
			buildConfigurations = (
				CC03AB952289A815005B3E3B /* Debug */,
				CC03AB962289A815005B3E3B /* Release */,
			);
			defaultConfigurationIsVisible = 0;
			defaultConfigurationName = Release;
		};
/* End XCConfigurationList section */

/* Begin XCVersionGroup section */
		CC03AB9D2289B53D005B3E3B /* MoviesCoreData.xcdatamodeld */ = {
			isa = XCVersionGroup;
			children = (
				CC03AB9E2289B53D005B3E3B /* MoviesCoreData.xcdatamodel */,
			);
			currentVersion = CC03AB9E2289B53D005B3E3B /* MoviesCoreData.xcdatamodel */;
			path = MoviesCoreData.xcdatamodeld;
			sourceTree = "<group>";
			versionGroupType = wrapper.xcdatamodel;
		};
/* End XCVersionGroup section */
	};
	rootObject = CC03AB5E2289A814005B3E3B /* Project object */;
}
